// !$*UTF8*$!
{
	archiveVersion = 1;
	classes = {
	};
	objectVersion = 50;
	objects = {

/* Begin PBXBuildFile section */
		E82BB5A121B8C09F003EE30A /* MapRadialView.m in Sources */ = {isa = PBXBuildFile; fileRef = E82BB5A021B8C09F003EE30A /* MapRadialView.m */; };
		E848FCFD21984EED006A8D83 /* AppDelegate.m in Sources */ = {isa = PBXBuildFile; fileRef = E848FCFC21984EED006A8D83 /* AppDelegate.m */; };
		E848FD0021984EED006A8D83 /* ViewController.m in Sources */ = {isa = PBXBuildFile; fileRef = E848FCFF21984EED006A8D83 /* ViewController.m */; };
		E848FD0321984EED006A8D83 /* Main.storyboard in Resources */ = {isa = PBXBuildFile; fileRef = E848FD0121984EED006A8D83 /* Main.storyboard */; };
		E848FD0521984EEF006A8D83 /* Assets.xcassets in Resources */ = {isa = PBXBuildFile; fileRef = E848FD0421984EEF006A8D83 /* Assets.xcassets */; };
		E848FD0821984EEF006A8D83 /* LaunchScreen.storyboard in Resources */ = {isa = PBXBuildFile; fileRef = E848FD0621984EEF006A8D83 /* LaunchScreen.storyboard */; };
		E848FD0B21984EEF006A8D83 /* main.m in Sources */ = {isa = PBXBuildFile; fileRef = E848FD0A21984EEF006A8D83 /* main.m */; };
		E848FD132198514D006A8D83 /* CurveView.m in Sources */ = {isa = PBXBuildFile; fileRef = E848FD122198514D006A8D83 /* CurveView.m */; };
		E848FD1621985EF4006A8D83 /* UIView+ZSFrame.m in Sources */ = {isa = PBXBuildFile; fileRef = E848FD1521985EF4006A8D83 /* UIView+ZSFrame.m */; };
		E8FFE253219BBC6C0091FB90 /* UINavigationBar+SXFixSpace.m in Sources */ = {isa = PBXBuildFile; fileRef = E8FFE249219BBC6C0091FB90 /* UINavigationBar+SXFixSpace.m */; };
		E8FFE254219BBC6C0091FB90 /* UINavigationItem+SXFixSpace.m in Sources */ = {isa = PBXBuildFile; fileRef = E8FFE24A219BBC6C0091FB90 /* UINavigationItem+SXFixSpace.m */; };
		E8FFE255219BBC6C0091FB90 /* UINavigationConfig.m in Sources */ = {isa = PBXBuildFile; fileRef = E8FFE24D219BBC6C0091FB90 /* UINavigationConfig.m */; };
		E8FFE256219BBC6C0091FB90 /* UINavigationController+SXFixSpace.m in Sources */ = {isa = PBXBuildFile; fileRef = E8FFE24F219BBC6C0091FB90 /* UINavigationController+SXFixSpace.m */; };
		E8FFE257219BBC6C0091FB90 /* NSObject+SXRuntime.m in Sources */ = {isa = PBXBuildFile; fileRef = E8FFE252219BBC6C0091FB90 /* NSObject+SXRuntime.m */; };
/* End PBXBuildFile section */

/* Begin PBXFileReference section */
		E82BB59F21B8C09F003EE30A /* MapRadialView.h */ = {isa = PBXFileReference; lastKnownFileType = sourcecode.c.h; path = MapRadialView.h; sourceTree = "<group>"; };
		E82BB5A021B8C09F003EE30A /* MapRadialView.m */ = {isa = PBXFileReference; lastKnownFileType = sourcecode.c.objc; path = MapRadialView.m; sourceTree = "<group>"; };
		E848FCF821984EED006A8D83 /* CurveDemo.app */ = {isa = PBXFileReference; explicitFileType = wrapper.application; includeInIndex = 0; path = CurveDemo.app; sourceTree = BUILT_PRODUCTS_DIR; };
		E848FCFB21984EED006A8D83 /* AppDelegate.h */ = {isa = PBXFileReference; lastKnownFileType = sourcecode.c.h; path = AppDelegate.h; sourceTree = "<group>"; };
		E848FCFC21984EED006A8D83 /* AppDelegate.m */ = {isa = PBXFileReference; lastKnownFileType = sourcecode.c.objc; path = AppDelegate.m; sourceTree = "<group>"; };
		E848FCFE21984EED006A8D83 /* ViewController.h */ = {isa = PBXFileReference; lastKnownFileType = sourcecode.c.h; path = ViewController.h; sourceTree = "<group>"; };
		E848FCFF21984EED006A8D83 /* ViewController.m */ = {isa = PBXFileReference; lastKnownFileType = sourcecode.c.objc; path = ViewController.m; sourceTree = "<group>"; };
		E848FD0221984EED006A8D83 /* Base */ = {isa = PBXFileReference; lastKnownFileType = file.storyboard; name = Base; path = Base.lproj/Main.storyboard; sourceTree = "<group>"; };
		E848FD0421984EEF006A8D83 /* Assets.xcassets */ = {isa = PBXFileReference; lastKnownFileType = folder.assetcatalog; path = Assets.xcassets; sourceTree = "<group>"; };
		E848FD0721984EEF006A8D83 /* Base */ = {isa = PBXFileReference; lastKnownFileType = file.storyboard; name = Base; path = Base.lproj/LaunchScreen.storyboard; sourceTree = "<group>"; };
		E848FD0921984EEF006A8D83 /* Info.plist */ = {isa = PBXFileReference; lastKnownFileType = text.plist.xml; path = Info.plist; sourceTree = "<group>"; };
		E848FD0A21984EEF006A8D83 /* main.m */ = {isa = PBXFileReference; lastKnownFileType = sourcecode.c.objc; path = main.m; sourceTree = "<group>"; };
		E848FD112198514D006A8D83 /* CurveView.h */ = {isa = PBXFileReference; lastKnownFileType = sourcecode.c.h; path = CurveView.h; sourceTree = "<group>"; };
		E848FD122198514D006A8D83 /* CurveView.m */ = {isa = PBXFileReference; lastKnownFileType = sourcecode.c.objc; path = CurveView.m; sourceTree = "<group>"; };
		E848FD1421985EF4006A8D83 /* UIView+ZSFrame.h */ = {isa = PBXFileReference; fileEncoding = 4; lastKnownFileType = sourcecode.c.h; path = "UIView+ZSFrame.h"; sourceTree = "<group>"; };
		E848FD1521985EF4006A8D83 /* UIView+ZSFrame.m */ = {isa = PBXFileReference; fileEncoding = 4; lastKnownFileType = sourcecode.c.objc; path = "UIView+ZSFrame.m"; sourceTree = "<group>"; };
		E8FFE249219BBC6C0091FB90 /* UINavigationBar+SXFixSpace.m */ = {isa = PBXFileReference; fileEncoding = 4; lastKnownFileType = sourcecode.c.objc; path = "UINavigationBar+SXFixSpace.m"; sourceTree = "<group>"; };
		E8FFE24A219BBC6C0091FB90 /* UINavigationItem+SXFixSpace.m */ = {isa = PBXFileReference; fileEncoding = 4; lastKnownFileType = sourcecode.c.objc; path = "UINavigationItem+SXFixSpace.m"; sourceTree = "<group>"; };
		E8FFE24B219BBC6C0091FB90 /* UINavigationController+SXFixSpace.h */ = {isa = PBXFileReference; fileEncoding = 4; lastKnownFileType = sourcecode.c.h; path = "UINavigationController+SXFixSpace.h"; sourceTree = "<group>"; };
		E8FFE24C219BBC6C0091FB90 /* NSObject+SXRuntime.h */ = {isa = PBXFileReference; fileEncoding = 4; lastKnownFileType = sourcecode.c.h; path = "NSObject+SXRuntime.h"; sourceTree = "<group>"; };
		E8FFE24D219BBC6C0091FB90 /* UINavigationConfig.m */ = {isa = PBXFileReference; fileEncoding = 4; lastKnownFileType = sourcecode.c.objc; path = UINavigationConfig.m; sourceTree = "<group>"; };
		E8FFE24E219BBC6C0091FB90 /* UINavigationBar+SXFixSpace.h */ = {isa = PBXFileReference; fileEncoding = 4; lastKnownFileType = sourcecode.c.h; path = "UINavigationBar+SXFixSpace.h"; sourceTree = "<group>"; };
		E8FFE24F219BBC6C0091FB90 /* UINavigationController+SXFixSpace.m */ = {isa = PBXFileReference; fileEncoding = 4; lastKnownFileType = sourcecode.c.objc; path = "UINavigationController+SXFixSpace.m"; sourceTree = "<group>"; };
		E8FFE250219BBC6C0091FB90 /* UINavigationItem+SXFixSpace.h */ = {isa = PBXFileReference; fileEncoding = 4; lastKnownFileType = sourcecode.c.h; path = "UINavigationItem+SXFixSpace.h"; sourceTree = "<group>"; };
		E8FFE251219BBC6C0091FB90 /* UINavigationConfig.h */ = {isa = PBXFileReference; fileEncoding = 4; lastKnownFileType = sourcecode.c.h; path = UINavigationConfig.h; sourceTree = "<group>"; };
		E8FFE252219BBC6C0091FB90 /* NSObject+SXRuntime.m */ = {isa = PBXFileReference; fileEncoding = 4; lastKnownFileType = sourcecode.c.objc; path = "NSObject+SXRuntime.m"; sourceTree = "<group>"; };
/* End PBXFileReference section */

/* Begin PBXFrameworksBuildPhase section */
		E848FCF521984EED006A8D83 /* Frameworks */ = {
			isa = PBXFrameworksBuildPhase;
			buildActionMask = 2147483647;
			files = (
			);
			runOnlyForDeploymentPostprocessing = 0;
		};
/* End PBXFrameworksBuildPhase section */

/* Begin PBXGroup section */
		E848FCEF21984EED006A8D83 = {
			isa = PBXGroup;
			children = (
				E848FCFA21984EED006A8D83 /* CurveDemo */,
				E848FCF921984EED006A8D83 /* Products */,
			);
			sourceTree = "<group>";
		};
		E848FCF921984EED006A8D83 /* Products */ = {
			isa = PBXGroup;
			children = (
				E848FCF821984EED006A8D83 /* CurveDemo.app */,
			);
			name = Products;
			sourceTree = "<group>";
		};
		E848FCFA21984EED006A8D83 /* CurveDemo */ = {
			isa = PBXGroup;
			children = (
				E8FFE248219BBC6C0091FB90 /* UINavigation-SXFixSpace */,
				E848FCFB21984EED006A8D83 /* AppDelegate.h */,
				E848FCFC21984EED006A8D83 /* AppDelegate.m */,
				E848FCFE21984EED006A8D83 /* ViewController.h */,
				E848FCFF21984EED006A8D83 /* ViewController.m */,
				E848FD112198514D006A8D83 /* CurveView.h */,
				E848FD122198514D006A8D83 /* CurveView.m */,
				E82BB59F21B8C09F003EE30A /* MapRadialView.h */,
				E82BB5A021B8C09F003EE30A /* MapRadialView.m */,
				E848FD1421985EF4006A8D83 /* UIView+ZSFrame.h */,
				E848FD1521985EF4006A8D83 /* UIView+ZSFrame.m */,
				E848FD0121984EED006A8D83 /* Main.storyboard */,
				E848FD0421984EEF006A8D83 /* Assets.xcassets */,
				E848FD0621984EEF006A8D83 /* LaunchScreen.storyboard */,
				E848FD0921984EEF006A8D83 /* Info.plist */,
				E848FD0A21984EEF006A8D83 /* main.m */,
			);
			path = CurveDemo;
			sourceTree = "<group>";
		};
		E8FFE248219BBC6C0091FB90 /* UINavigation-SXFixSpace */ = {
			isa = PBXGroup;
			children = (
				E8FFE24C219BBC6C0091FB90 /* NSObject+SXRuntime.h */,
				E8FFE249219BBC6C0091FB90 /* UINavigationBar+SXFixSpace.m */,
				E8FFE24A219BBC6C0091FB90 /* UINavigationItem+SXFixSpace.m */,
				E8FFE24B219BBC6C0091FB90 /* UINavigationController+SXFixSpace.h */,
				E8FFE24D219BBC6C0091FB90 /* UINavigationConfig.m */,
				E8FFE24E219BBC6C0091FB90 /* UINavigationBar+SXFixSpace.h */,
				E8FFE24F219BBC6C0091FB90 /* UINavigationController+SXFixSpace.m */,
				E8FFE250219BBC6C0091FB90 /* UINavigationItem+SXFixSpace.h */,
				E8FFE251219BBC6C0091FB90 /* UINavigationConfig.h */,
				E8FFE252219BBC6C0091FB90 /* NSObject+SXRuntime.m */,
			);
			path = "UINavigation-SXFixSpace";
			sourceTree = "<group>";
		};
/* End PBXGroup section */

/* Begin PBXNativeTarget section */
		E848FCF721984EED006A8D83 /* CurveDemo */ = {
			isa = PBXNativeTarget;
			buildConfigurationList = E848FD0E21984EEF006A8D83 /* Build configuration list for PBXNativeTarget "CurveDemo" */;
			buildPhases = (
				E848FCF421984EED006A8D83 /* Sources */,
				E848FCF521984EED006A8D83 /* Frameworks */,
				E848FCF621984EED006A8D83 /* Resources */,
			);
			buildRules = (
			);
			dependencies = (
			);
			name = CurveDemo;
			productName = CurveDemo;
			productReference = E848FCF821984EED006A8D83 /* CurveDemo.app */;
			productType = "com.apple.product-type.application";
		};
/* End PBXNativeTarget section */

/* Begin PBXProject section */
		E848FCF021984EED006A8D83 /* Project object */ = {
			isa = PBXProject;
			attributes = {
				LastUpgradeCheck = 1000;
				ORGANIZATIONNAME = qianjinjia;
				TargetAttributes = {
					E848FCF721984EED006A8D83 = {
						CreatedOnToolsVersion = 10.0;
					};
				};
			};
			buildConfigurationList = E848FCF321984EED006A8D83 /* Build configuration list for PBXProject "CurveDemo" */;
			compatibilityVersion = "Xcode 9.3";
			developmentRegion = en;
			hasScannedForEncodings = 0;
			knownRegions = (
				en,
				Base,
			);
			mainGroup = E848FCEF21984EED006A8D83;
			productRefGroup = E848FCF921984EED006A8D83 /* Products */;
			projectDirPath = "";
			projectRoot = "";
			targets = (
				E848FCF721984EED006A8D83 /* CurveDemo */,
			);
		};
/* End PBXProject section */

/* Begin PBXResourcesBuildPhase section */
		E848FCF621984EED006A8D83 /* Resources */ = {
			isa = PBXResourcesBuildPhase;
			buildActionMask = 2147483647;
			files = (
				E848FD0821984EEF006A8D83 /* LaunchScreen.storyboard in Resources */,
				E848FD0521984EEF006A8D83 /* Assets.xcassets in Resources */,
				E848FD0321984EED006A8D83 /* Main.storyboard in Resources */,
			);
			runOnlyForDeploymentPostprocessing = 0;
		};
/* End PBXResourcesBuildPhase section */

/* Begin PBXSourcesBuildPhase section */
		E848FCF421984EED006A8D83 /* Sources */ = {
			isa = PBXSourcesBuildPhase;
			buildActionMask = 2147483647;
			files = (
				E848FD0021984EED006A8D83 /* ViewController.m in Sources */,
				E82BB5A121B8C09F003EE30A /* MapRadialView.m in Sources */,
				E848FD0B21984EEF006A8D83 /* main.m in Sources */,
				E8FFE256219BBC6C0091FB90 /* UINavigationController+SXFixSpace.m in Sources */,
				E848FD132198514D006A8D83 /* CurveView.m in Sources */,
				E8FFE255219BBC6C0091FB90 /* UINavigationConfig.m in Sources */,
				E848FCFD21984EED006A8D83 /* AppDelegate.m in Sources */,
				E8FFE254219BBC6C0091FB90 /* UINavigationItem+SXFixSpace.m in Sources */,
				E848FD1621985EF4006A8D83 /* UIView+ZSFrame.m in Sources */,
				E8FFE253219BBC6C0091FB90 /* UINavigationBar+SXFixSpace.m in Sources */,
				E8FFE257219BBC6C0091FB90 /* NSObject+SXRuntime.m in Sources */,
			);
			runOnlyForDeploymentPostprocessing = 0;
		};
/* End PBXSourcesBuildPhase section */

/* Begin PBXVariantGroup section */
		E848FD0121984EED006A8D83 /* Main.storyboard */ = {
			isa = PBXVariantGroup;
			children = (
				E848FD0221984EED006A8D83 /* Base */,
			);
			name = Main.storyboard;
			sourceTree = "<group>";
		};
		E848FD0621984EEF006A8D83 /* LaunchScreen.storyboard */ = {
			isa = PBXVariantGroup;
			children = (
				E848FD0721984EEF006A8D83 /* Base */,
			);
			name = LaunchScreen.storyboard;
			sourceTree = "<group>";
		};
/* End PBXVariantGroup section */

/* Begin XCBuildConfiguration section */
		E848FD0C21984EEF006A8D83 /* Debug */ = {
			isa = XCBuildConfiguration;
			buildSettings = {
				ALWAYS_SEARCH_USER_PATHS = NO;
				CLANG_ANALYZER_NONNULL = YES;
				CLANG_ANALYZER_NUMBER_OBJECT_CONVERSION = YES_AGGRESSIVE;
				CLANG_CXX_LANGUAGE_STANDARD = "gnu++14";
				CLANG_CXX_LIBRARY = "libc++";
				CLANG_ENABLE_MODULES = YES;
				CLANG_ENABLE_OBJC_ARC = YES;
				CLANG_ENABLE_OBJC_WEAK = YES;
				CLANG_WARN_BLOCK_CAPTURE_AUTORELEASING = YES;
				CLANG_WARN_BOOL_CONVERSION = YES;
				CLANG_WARN_COMMA = YES;
				CLANG_WARN_CONSTANT_CONVERSION = YES;
				CLANG_WARN_DEPRECATED_OBJC_IMPLEMENTATIONS = YES;
				CLANG_WARN_DIRECT_OBJC_ISA_USAGE = YES_ERROR;
				CLANG_WARN_DOCUMENTATION_COMMENTS = YES;
				CLANG_WARN_EMPTY_BODY = YES;
				CLANG_WARN_ENUM_CONVERSION = YES;
				CLANG_WARN_INFINITE_RECURSION = YES;
				CLANG_WARN_INT_CONVERSION = YES;
				CLANG_WARN_NON_LITERAL_NULL_CONVERSION = YES;
				CLANG_WARN_OBJC_IMPLICIT_RETAIN_SELF = YES;
				CLANG_WARN_OBJC_LITERAL_CONVERSION = YES;
				CLANG_WARN_OBJC_ROOT_CLASS = YES_ERROR;
				CLANG_WARN_RANGE_LOOP_ANALYSIS = YES;
				CLANG_WARN_STRICT_PROTOTYPES = YES;
				CLANG_WARN_SUSPICIOUS_MOVE = YES;
				CLANG_WARN_UNGUARDED_AVAILABILITY = YES_AGGRESSIVE;
				CLANG_WARN_UNREACHABLE_CODE = YES;
				CLANG_WARN__DUPLICATE_METHOD_MATCH = YES;
				CODE_SIGN_IDENTITY = "iPhone Developer";
				COPY_PHASE_STRIP = NO;
				DEBUG_INFORMATION_FORMAT = dwarf;
				ENABLE_STRICT_OBJC_MSGSEND = YES;
				ENABLE_TESTABILITY = YES;
				GCC_C_LANGUAGE_STANDARD = gnu11;
				GCC_DYNAMIC_NO_PIC = NO;
				GCC_NO_COMMON_BLOCKS = YES;
				GCC_OPTIMIZATION_LEVEL = 0;
				GCC_PREPROCESSOR_DEFINITIONS = (
					"DEBUG=1",
					"$(inherited)",
				);
				GCC_WARN_64_TO_32_BIT_CONVERSION = YES;
				GCC_WARN_ABOUT_RETURN_TYPE = YES_ERROR;
				GCC_WARN_UNDECLARED_SELECTOR = YES;
				GCC_WARN_UNINITIALIZED_AUTOS = YES_AGGRESSIVE;
				GCC_WARN_UNUSED_FUNCTION = YES;
				GCC_WARN_UNUSED_VARIABLE = YES;
				IPHONEOS_DEPLOYMENT_TARGET = 12.0;
				MTL_ENABLE_DEBUG_INFO = INCLUDE_SOURCE;
				MTL_FAST_MATH = YES;
				ONLY_ACTIVE_ARCH = YES;
				SDKROOT = iphoneos;
			};
			name = Debug;
		};
		E848FD0D21984EEF006A8D83 /* Release */ = {
			isa = XCBuildConfiguration;
			buildSettings = {
				ALWAYS_SEARCH_USER_PATHS = NO;
				CLANG_ANALYZER_NONNULL = YES;
				CLANG_ANALYZER_NUMBER_OBJECT_CONVERSION = YES_AGGRESSIVE;
				CLANG_CXX_LANGUAGE_STANDARD = "gnu++14";
				CLANG_CXX_LIBRARY = "libc++";
				CLANG_ENABLE_MODULES = YES;
				CLANG_ENABLE_OBJC_ARC = YES;
				CLANG_ENABLE_OBJC_WEAK = YES;
				CLANG_WARN_BLOCK_CAPTURE_AUTORELEASING = YES;
				CLANG_WARN_BOOL_CONVERSION = YES;
				CLANG_WARN_COMMA = YES;
				CLANG_WARN_CONSTANT_CONVERSION = YES;
				CLANG_WARN_DEPRECATED_OBJC_IMPLEMENTATIONS = YES;
				CLANG_WARN_DIRECT_OBJC_ISA_USAGE = YES_ERROR;
				CLANG_WARN_DOCUMENTATION_COMMENTS = YES;
				CLANG_WARN_EMPTY_BODY = YES;
				CLANG_WARN_ENUM_CONVERSION = YES;
				CLANG_WARN_INFINITE_RECURSION = YES;
				CLANG_WARN_INT_CONVERSION = YES;
				CLANG_WARN_NON_LITERAL_NULL_CONVERSION = YES;
				CLANG_WARN_OBJC_IMPLICIT_RETAIN_SELF = YES;
				CLANG_WARN_OBJC_LITERAL_CONVERSION = YES;
				CLANG_WARN_OBJC_ROOT_CLASS = YES_ERROR;
				CLANG_WARN_RANGE_LOOP_ANALYSIS = YES;
				CLANG_WARN_STRICT_PROTOTYPES = YES;
				CLANG_WARN_SUSPICIOUS_MOVE = YES;
				CLANG_WARN_UNGUARDED_AVAILABILITY = YES_AGGRESSIVE;
				CLANG_WARN_UNREACHABLE_CODE = YES;
				CLANG_WARN__DUPLICATE_METHOD_MATCH = YES;
				CODE_SIGN_IDENTITY = "iPhone Developer";
				COPY_PHASE_STRIP = NO;
				DEBUG_INFORMATION_FORMAT = "dwarf-with-dsym";
				ENABLE_NS_ASSERTIONS = NO;
				ENABLE_STRICT_OBJC_MSGSEND = YES;
				GCC_C_LANGUAGE_STANDARD = gnu11;
				GCC_NO_COMMON_BLOCKS = YES;
				GCC_WARN_64_TO_32_BIT_CONVERSION = YES;
				GCC_WARN_ABOUT_RETURN_TYPE = YES_ERROR;
				GCC_WARN_UNDECLARED_SELECTOR = YES;
				GCC_WARN_UNINITIALIZED_AUTOS = YES_AGGRESSIVE;
				GCC_WARN_UNUSED_FUNCTION = YES;
				GCC_WARN_UNUSED_VARIABLE = YES;
				IPHONEOS_DEPLOYMENT_TARGET = 12.0;
				MTL_ENABLE_DEBUG_INFO = NO;
				MTL_FAST_MATH = YES;
				SDKROOT = iphoneos;
				VALIDATE_PRODUCT = YES;
			};
			name = Release;
		};
		E848FD0F21984EEF006A8D83 /* Debug */ = {
			isa = XCBuildConfiguration;
			buildSettings = {
				ASSETCATALOG_COMPILER_APPICON_NAME = AppIcon;
				CODE_SIGN_STYLE = Automatic;
				DEVELOPMENT_TEAM = 7R44TTX6KE;
				INFOPLIST_FILE = CurveDemo/Info.plist;
				LD_RUNPATH_SEARCH_PATHS = (
					"$(inherited)",
					"@executable_path/Frameworks",
				);
				PRODUCT_BUNDLE_IDENTIFIER = com.CurveDemo;
				PRODUCT_NAME = "$(TARGET_NAME)";
				TARGETED_DEVICE_FAMILY = "1,2";
			};
			name = Debug;
		};
		E848FD1021984EEF006A8D83 /* Release */ = {
			isa = XCBuildConfiguration;
			buildSettings = {
				ASSETCATALOG_COMPILER_APPICON_NAME = AppIcon;
				CODE_SIGN_STYLE = Automatic;
				DEVELOPMENT_TEAM = 7R44TTX6KE;
				INFOPLIST_FILE = CurveDemo/Info.plist;
				LD_RUNPATH_SEARCH_PATHS = (
					"$(inherited)",
					"@executable_path/Frameworks",
				);
				PRODUCT_BUNDLE_IDENTIFIER = com.CurveDemo;
				PRODUCT_NAME = "$(TARGET_NAME)";
				TARGETED_DEVICE_FAMILY = "1,2";
			};
			name = Release;
		};
/* End XCBuildConfiguration section */

/* Begin XCConfigurationList section */
		E848FCF321984EED006A8D83 /* Build configuration list for PBXProject "CurveDemo" */ = {
			isa = XCConfigurationList;
			buildConfigurations = (
				E848FD0C21984EEF006A8D83 /* Debug */,
				E848FD0D21984EEF006A8D83 /* Release */,
			);
			defaultConfigurationIsVisible = 0;
			defaultConfigurationName = Release;
		};
		E848FD0E21984EEF006A8D83 /* Build configuration list for PBXNativeTarget "CurveDemo" */ = {
			isa = XCConfigurationList;
			buildConfigurations = (
				E848FD0F21984EEF006A8D83 /* Debug */,
				E848FD1021984EEF006A8D83 /* Release */,
			);
			defaultConfigurationIsVisible = 0;
			defaultConfigurationName = Release;
		};
/* End XCConfigurationList section */
	};
	rootObject = E848FCF021984EED006A8D83 /* Project object */;
}
